
Microsoft Visual Studio Solution File, Format Version 12.00
# Visual Studio Version 17
VisualStudioVersion = 17.5.002.0
MinimumVisualStudioVersion = 10.0.40219.1
Project("{9A19103F-16F7-4668-BE54-9A1E7A4F7556}") = "ConsoleAppJobNotificacaoHttp", "ConsoleAppJobNotificacaoHttp.csproj", "{A50E9196-20D1-4686-95E8-4A2AC09766C1}"
EndProject
Global
	GlobalSection(SolutionConfigurationPlatforms) = preSolution
		Debug|Any CPU = Debug|Any CPU
		Release|Any CPU = Release|Any CPU
	EndGlobalSection
	GlobalSection(ProjectConfigurationPlatforms) = postSolution
		{A50E9196-20D1-4686-95E8-4A2AC09766C1}.Debug|Any CPU.ActiveCfg = Debug|Any CPU
		{A50E9196-20D1-4686-95E8-4A2AC09766C1}.Debug|Any CPU.Build.0 = Debug|Any CPU
		{A50E9196-20D1-4686-95E8-4A2AC09766C1}.Release|Any CPU.ActiveCfg = Release|Any CPU
		{A50E9196-20D1-4686-95E8-4A2AC09766C1}.Release|Any CPU.Build.0 = Release|Any CPU
	EndGlobalSection
	GlobalSection(SolutionProperties) = preSolution
		HideSolutionNode = FALSE
	EndGlobalSection
	GlobalSection(ExtensibilityGlobals) = postSolution
		SolutionGuid = {AB3B6B71-FB9F-4310-8383-F00704B0A188}
	EndGlobalSection
EndGlobal
